Microsoft Visual Studio Solution File, Format Version 12.00
# Visual Studio 15
Project("{8BC9CEB8-8B4A-11D0-8D11-00A0C91BC942}") = "ALL_BUILD", "ALL_BUILD.vcxproj", "{EF88DDC2-F42C-351A-ABEA-65D0580F76F5}"
	ProjectSection(ProjectDependencies) = postProject
		{1F62404E-9152-3FCD-9DD0-3F4E744A07CD} = {1F62404E-9152-3FCD-9DD0-3F4E744A07CD}
		{0D865E2E-0681-3ADB-8D20-7E99AC40039B} = {0D865E2E-0681-3ADB-8D20-7E99AC40039B}
	EndProjectSection
EndProject
Project("{8BC9CEB8-8B4A-11D0-8D11-00A0C91BC942}") = "ZERO_CHECK", "ZERO_CHECK.vcxproj", "{1F62404E-9152-3FCD-9DD0-3F4E744A07CD}"
	ProjectSection(ProjectDependencies) = postProject
	EndProjectSection
EndProject
Project("{8BC9CEB8-8B4A-11D0-8D11-00A0C91BC942}") = "googletest", "googletest.vcxproj", "{0D865E2E-0681-3ADB-8D20-7E99AC40039B}"
	ProjectSection(ProjectDependencies) = postProject
		{1F62404E-9152-3FCD-9DD0-3F4E744A07CD} = {1F62404E-9152-3FCD-9DD0-3F4E744A07CD}
	EndProjectSection
EndProject
Global
	GlobalSection(SolutionConfigurationPlatforms) = preSolution
		Debug|Win32 = Debug|Win32
		Release|Win32 = Release|Win32
		MinSizeRel|Win32 = MinSizeRel|Win32
		RelWithDebInfo|Win32 = RelWithDebInfo|Win32
	EndGlobalSection
	GlobalSection(ProjectConfigurationPlatforms) = postSolution
		{EF88DDC2-F42C-351A-ABEA-65D0580F76F5}.Debug|Win32.ActiveCfg = Debug|Win32
		{EF88DDC2-F42C-351A-ABEA-65D0580F76F5}.Release|Win32.ActiveCfg = Release|Win32
		{EF88DDC2-F42C-351A-ABEA-65D0580F76F5}.MinSizeRel|Win32.ActiveCfg = MinSizeRel|Win32
		{EF88DDC2-F42C-351A-ABEA-65D0580F76F5}.RelWithDebInfo|Win32.ActiveCfg = RelWithDebInfo|Win32
		{1F62404E-9152-3FCD-9DD0-3F4E744A07CD}.Debug|Win32.ActiveCfg = Debug|Win32
		{1F62404E-9152-3FCD-9DD0-3F4E744A07CD}.Debug|Win32.Build.0 = Debug|Win32
		{1F62404E-9152-3FCD-9DD0-3F4E744A07CD}.Release|Win32.ActiveCfg = Release|Win32
		{1F62404E-9152-3FCD-9DD0-3F4E744A07CD}.Release|Win32.Build.0 = Release|Win32
		{1F62404E-9152-3FCD-9DD0-3F4E744A07CD}.MinSizeRel|Win32.ActiveCfg = MinSizeRel|Win32
		{1F62404E-9152-3FCD-9DD0-3F4E744A07CD}.MinSizeRel|Win32.Build.0 = MinSizeRel|Win32
		{1F62404E-9152-3FCD-9DD0-3F4E744A07CD}.RelWithDebInfo|Win32.ActiveCfg = RelWithDebInfo|Win32
		{1F62404E-9152-3FCD-9DD0-3F4E744A07CD}.RelWithDebInfo|Win32.Build.0 = RelWithDebInfo|Win32
		{0D865E2E-0681-3ADB-8D20-7E99AC40039B}.Debug|Win32.ActiveCfg = Debug|Win32
		{0D865E2E-0681-3ADB-8D20-7E99AC40039B}.Debug|Win32.Build.0 = Debug|Win32
		{0D865E2E-0681-3ADB-8D20-7E99AC40039B}.Release|Win32.ActiveCfg = Release|Win32
		{0D865E2E-0681-3ADB-8D20-7E99AC40039B}.Release|Win32.Build.0 = Release|Win32
		{0D865E2E-0681-3ADB-8D20-7E99AC40039B}.MinSizeRel|Win32.ActiveCfg = MinSizeRel|Win32
		{0D865E2E-0681-3ADB-8D20-7E99AC40039B}.MinSizeRel|Win32.Build.0 = MinSizeRel|Win32
		{0D865E2E-0681-3ADB-8D20-7E99AC40039B}.RelWithDebInfo|Win32.ActiveCfg = RelWithDebInfo|Win32
		{0D865E2E-0681-3ADB-8D20-7E99AC40039B}.RelWithDebInfo|Win32.Build.0 = RelWithDebInfo|Win32
	EndGlobalSection
	GlobalSection(ExtensibilityGlobals) = postSolution
		SolutionGuid = {AF31650E-C84C-3228-BB37-4BB599130DAE}
	EndGlobalSection
	GlobalSection(ExtensibilityAddIns) = postSolution
	EndGlobalSection
EndGlobal
