<?xml version="1.0" encoding="utf-8"?>
<Project ToolsVersion="4.0" xmlns="http://schemas.microsoft.com/developer/msbuild/2003">
  <ItemGroup>
    <Filter Include="Source files">
      <UniqueIdentifier>{a8ba754a-54c4-4868-94ef-7b6b40b891ef}</UniqueIdentifier>
      <Extensions>cpp;c;cc;cxx;def;odl;idl;hpj;bat;asm;asmx</Extensions>
    </Filter>
    <Filter Include="Header files">
      <UniqueIdentifier>{5d3e6f23-009d-4277-91dc-ffda67d4911a}</UniqueIdentifier>
      <Extensions>h;hpp;hxx;hm;inl;inc;xsd</Extensions>
    </Filter>
    <Filter Include="Resource files">
      <UniqueIdentifier>{de43de63-b7c2-47f5-8f57-9b50e5dec206}</UniqueIdentifier>
      <Extensions>rc;ico;cur;bmp;dlg;rc2;rct;bin;rgs;gif;jpg;jpeg;jpe;resx;tiff;tif;png;wav</Extensions>
    </Filter>
    <Filter Include="Source files\Device-specific files">
      <UniqueIdentifier>{c788a402-ee34-4a31-9383-3a3271ce176f}</UniqueIdentifier>
    </Filter>
    <Filter Include="Header files\Device-specific files">
      <UniqueIdentifier>{1e667d4d-0f69-418e-b97e-d56d268c5188}</UniqueIdentifier>
    </Filter>
    <Filter Include="Make files">
      <UniqueIdentifier>{9cb5de34-05bf-460e-9ebe-bf9195946b20}</UniqueIdentifier>
    </Filter>
    <Filter Include="VisualGDB settings">
      <UniqueIdentifier>{5d475cd1-7c2d-43bc-91a0-d85b804b2e98}</UniqueIdentifier>
    </Filter>
  </ItemGroup>
  <ItemGroup>
    <None Include="Makefile" />
  </ItemGroup>
  <ItemGroup>
    <None Include="avr.mak">
      <Filter>Source files\Device-specific files</Filter>
    </None>
    <None Include="debug.mak">
      <Filter>Make files</Filter>
    </None>
    <None Include="release.mak">
      <Filter>Make files</Filter>
    </None>
    <None Include="MotorControl-Debug.vgdbsettings">
      <Filter>VisualGDB settings</Filter>
    </None>
    <None Include="MotorControl-Release.vgdbsettings">
      <Filter>VisualGDB settings</Filter>
    </None>
    <None Include="avr.xml">
      <Filter>VisualGDB settings</Filter>
    </None>
  </ItemGroup>
  <ItemGroup>
    <ClCompile Include="main.cpp">
      <Filter>Source files</Filter>
    </ClCompile>
    <ClCompile Include="PID.cpp">
      <Filter>Source files</Filter>
    </ClCompile>
    <ClCompile Include="QuadratureEncoder.cpp">
      <Filter>Source files</Filter>
    </ClCompile>
    <ClCompile Include="DCMotor12VoltsDriver.cpp">
      <Filter>Source files</Filter>
    </ClCompile>
    <ClCompile Include="operators.cpp">
      <Filter>Source files</Filter>
    </ClCompile>
    <ClCompile Include="PWMDriver.cpp">
      <Filter>Source files</Filter>
    </ClCompile>
  </ItemGroup>
  <ItemGroup>
    <ClInclude Include="gcc_Debug.h">
      <Filter>Header files</Filter>
    </ClInclude>
    <ClInclude Include="gcc_Release.h">
      <Filter>Header files</Filter>
    </ClInclude>
    <ClInclude Include="IDCMotor.h">
      <Filter>Header files</Filter>
    </ClInclude>
    <ClInclude Include="IEncoder.h">
      <Filter>Header files</Filter>
    </ClInclude>
    <ClInclude Include="PID.h">
      <Filter>Header files</Filter>
    </ClInclude>
    <ClInclude Include="QuadratureEncoder.h">
      <Filter>Header files</Filter>
    </ClInclude>
    <ClInclude Include="DCMotor12VoltsDriver.h">
      <Filter>Header files</Filter>
    </ClInclude>
    <ClInclude Include="operators.h">
      <Filter>Header files</Filter>
    </ClInclude>
    <ClInclude Include="PWMDriver.h">
      <Filter>Header files</Filter>
    </ClInclude>
    <ClInclude Include="IGPIODriver.h">
      <Filter>Header files</Filter>
    </ClInclude>
  </ItemGroup>
</Project>